{
    "version": 3,
    "terraform_version": "0.11.3",
    "serial": 41,
    "lineage": "aa989cf9-2628-4909-8d9c-1c5bc98c5823",
    "modules": [
        {
            "path": [
                "root"
            ],
            "outputs": {},
            "resources": {
                "aws_elb.load": {
                    "type": "aws_elb",
                    "depends_on": [
                        "module.app-tier"
                    ],
                    "primary": {
                        "id": "Hirak-LB",
                        "attributes": {
                            "access_logs.#": "0",
                            "arn": "arn:aws:elasticloadbalancing:eu-central-1:135928476890:loadbalancer/Hirak-LB",
                            "availability_zones.#": "1",
                            "availability_zones.3658960427": "eu-central-1b",
                            "connection_draining": "true",
                            "connection_draining_timeout": "400",
                            "cross_zone_load_balancing": "true",
                            "dns_name": "Hirak-LB-1847304789.eu-central-1.elb.amazonaws.com",
                            "health_check.#": "1",
                            "health_check.0.healthy_threshold": "2",
                            "health_check.0.interval": "30",
                            "health_check.0.target": "HTTP:80/",
                            "health_check.0.timeout": "3",
                            "health_check.0.unhealthy_threshold": "2",
                            "id": "Hirak-LB",
                            "idle_timeout": "400",
                            "instances.#": "2",
                            "instances.2821893671": "i-0cd912828f1186dc5",
                            "instances.3552682867": "i-048c77497a5861dc2",
                            "internal": "false",
                            "listener.#": "1",
                            "listener.3057123346.instance_port": "80",
                            "listener.3057123346.instance_protocol": "http",
                            "listener.3057123346.lb_port": "80",
                            "listener.3057123346.lb_protocol": "http",
                            "listener.3057123346.ssl_certificate_id": "",
                            "name": "Hirak-LB",
                            "security_groups.#": "1",
                            "security_groups.3753469006": "sg-a013c4cd",
                            "source_security_group": "135928476890/app-hirak",
                            "source_security_group_id": "sg-a013c4cd",
                            "subnets.#": "1",
                            "subnets.926714100": "subnet-f9fd4b84",
                            "tags.%": "1",
                            "tags.Name": "Hirak-LB",
                            "zone_id": "Z215JYRZR1TBD5"
                        },
                        "meta": {},
                        "tainted": false
                    },
                    "deposed": [],
                    "provider": "provider.aws"
                },
                "aws_internet_gateway.igw": {
                    "type": "aws_internet_gateway",
                    "depends_on": [
                        "aws_vpc.hirak-vpc"
                    ],
                    "primary": {
                        "id": "igw-fbdaba93",
                        "attributes": {
                            "id": "igw-fbdaba93",
                            "tags.%": "1",
                            "tags.Name": "hirak-ig",
                            "vpc_id": "vpc-7bc67510"
                        },
                        "meta": {},
                        "tainted": false
                    },
                    "deposed": [],
                    "provider": "provider.aws"
                },
                "aws_route_table.public-hirak": {
                    "type": "aws_route_table",
                    "depends_on": [
                        "aws_internet_gateway.igw",
                        "aws_vpc.hirak-vpc"
                    ],
                    "primary": {
                        "id": "rtb-3db9e356",
                        "attributes": {
                            "id": "rtb-3db9e356",
                            "propagating_vgws.#": "0",
                            "route.#": "1",
                            "route.2813077500.cidr_block": "0.0.0.0/0",
                            "route.2813077500.egress_only_gateway_id": "",
                            "route.2813077500.gateway_id": "igw-fbdaba93",
                            "route.2813077500.instance_id": "",
                            "route.2813077500.ipv6_cidr_block": "",
                            "route.2813077500.nat_gateway_id": "",
                            "route.2813077500.network_interface_id": "",
                            "route.2813077500.vpc_peering_connection_id": "",
                            "tags.%": "1",
                            "tags.Name": "hirak-rt",
                            "vpc_id": "vpc-7bc67510"
                        },
                        "meta": {},
                        "tainted": false
                    },
                    "deposed": [],
                    "provider": "provider.aws"
                },
                "aws_vpc.hirak-vpc": {
                    "type": "aws_vpc",
                    "depends_on": [],
                    "primary": {
                        "id": "vpc-7bc67510",
                        "attributes": {
                            "assign_generated_ipv6_cidr_block": "false",
                            "cidr_block": "10.99.0.0/16",
                            "default_network_acl_id": "acl-c4dc99af",
                            "default_route_table_id": "rtb-f8b9e393",
                            "default_security_group_id": "sg-ec11c681",
                            "dhcp_options_id": "dopt-763e381f",
                            "enable_dns_hostnames": "true",
                            "enable_dns_support": "true",
                            "id": "vpc-7bc67510",
                            "instance_tenancy": "default",
                            "main_route_table_id": "rtb-f8b9e393",
                            "tags.%": "1",
                            "tags.Name": "hirak-vpc"
                        },
                        "meta": {
                            "schema_version": "1"
                        },
                        "tainted": false
                    },
                    "deposed": [],
                    "provider": "provider.aws"
                },
                "data.template_file.app_init": {
                    "type": "template_file",
                    "depends_on": [
                        "module.db-tier"
                    ],
                    "primary": {
                        "id": "91181fc755adebb12d68bd612a183348681a4157b27efa0ea6a99951c015cc05",
                        "attributes": {
                            "id": "91181fc755adebb12d68bd612a183348681a4157b27efa0ea6a99951c015cc05",
                            "rendered": "#!/bin/bash\ncd /home/ubuntu/app\nexport DB_HOST=mongodb://10.99.1.105:27017\nnode app.js",
                            "template": "#!/bin/bash\ncd /home/ubuntu/app\nexport DB_HOST=mongodb://${priv}:27017\nnode app.js",
                            "vars.%": "1",
                            "vars.priv": "10.99.1.105"
                        },
                        "meta": {},
                        "tainted": false
                    },
                    "deposed": [],
                    "provider": "provider.template"
                }
            },
            "depends_on": []
        },
        {
            "path": [
                "root",
                "app-tier"
            ],
            "outputs": {
                "app_id": {
                    "sensitive": false,
                    "type": "list",
                    "value": [
                        "i-048c77497a5861dc2",
                        "i-0cd912828f1186dc5"
                    ]
                },
                "db_private_ip": {
                    "sensitive": false,
                    "type": "string",
                    "value": "10.99.0.8"
                },
                "sec_id": {
                    "sensitive": false,
                    "type": "string",
                    "value": "sg-a013c4cd"
                },
                "sub_id": {
                    "sensitive": false,
                    "type": "string",
                    "value": "subnet-f9fd4b84"
                },
                "subnet_cidr_block": {
                    "sensitive": false,
                    "type": "string",
                    "value": "10.99.0.0/24"
                }
            },
            "resources": {
                "aws_instance.app.0": {
                    "type": "aws_instance",
                    "depends_on": [
                        "aws_security_group.app-hirak",
                        "aws_subnet.app-hirak"
                    ],
                    "primary": {
                        "id": "i-048c77497a5861dc2",
                        "attributes": {
                            "ami": "ami-c4c3a7ab",
                            "associate_public_ip_address": "true",
                            "availability_zone": "eu-central-1b",
                            "disable_api_termination": "false",
                            "ebs_block_device.#": "0",
                            "ebs_optimized": "false",
                            "ephemeral_block_device.#": "0",
                            "iam_instance_profile": "",
                            "id": "i-048c77497a5861dc2",
                            "instance_state": "running",
                            "instance_type": "t2.micro",
                            "ipv6_addresses.#": "0",
                            "key_name": "",
                            "monitoring": "false",
                            "network_interface.#": "0",
                            "network_interface_id": "eni-8627c0ac",
                            "placement_group": "",
                            "primary_network_interface_id": "eni-8627c0ac",
                            "private_dns": "ip-10-99-0-8.eu-central-1.compute.internal",
                            "private_ip": "10.99.0.8",
                            "public_dns": "ec2-18-196-169-64.eu-central-1.compute.amazonaws.com",
                            "public_ip": "18.196.169.64",
                            "root_block_device.#": "1",
                            "root_block_device.0.delete_on_termination": "true",
                            "root_block_device.0.iops": "100",
                            "root_block_device.0.volume_id": "vol-0ff0129b0b06bc464",
                            "root_block_device.0.volume_size": "8",
                            "root_block_device.0.volume_type": "gp2",
                            "security_groups.#": "0",
                            "source_dest_check": "true",
                            "subnet_id": "subnet-f9fd4b84",
                            "tags.%": "1",
                            "tags.Name": "app-hirak2",
                            "tenancy": "default",
                            "user_data": "05931bac8d326b2bd4c7dbdb6f23813a439fdce2",
                            "volume_tags.%": "0",
                            "vpc_security_group_ids.#": "1",
                            "vpc_security_group_ids.3753469006": "sg-a013c4cd"
                        },
                        "meta": {
                            "e2bfb730-ecaa-11e6-8f88-34363bc7c4c0": {
                                "create": 600000000000,
                                "delete": 600000000000,
                                "update": 600000000000
                            },
                            "schema_version": "1"
                        },
                        "tainted": false
                    },
                    "deposed": [],
                    "provider": "provider.aws"
                },
                "aws_instance.app.1": {
                    "type": "aws_instance",
                    "depends_on": [
                        "aws_security_group.app-hirak",
                        "aws_subnet.app-hirak"
                    ],
                    "primary": {
                        "id": "i-0cd912828f1186dc5",
                        "attributes": {
                            "ami": "ami-c4c3a7ab",
                            "associate_public_ip_address": "true",
                            "availability_zone": "eu-central-1b",
                            "disable_api_termination": "false",
                            "ebs_block_device.#": "0",
                            "ebs_optimized": "false",
                            "ephemeral_block_device.#": "0",
                            "iam_instance_profile": "",
                            "id": "i-0cd912828f1186dc5",
                            "instance_state": "running",
                            "instance_type": "t2.micro",
                            "ipv6_addresses.#": "0",
                            "key_name": "",
                            "monitoring": "false",
                            "network_interface.#": "0",
                            "network_interface_id": "eni-fddc3bd7",
                            "placement_group": "",
                            "primary_network_interface_id": "eni-fddc3bd7",
                            "private_dns": "ip-10-99-0-176.eu-central-1.compute.internal",
                            "private_ip": "10.99.0.176",
                            "public_dns": "ec2-18-196-179-239.eu-central-1.compute.amazonaws.com",
                            "public_ip": "18.196.179.239",
                            "root_block_device.#": "1",
                            "root_block_device.0.delete_on_termination": "true",
                            "root_block_device.0.iops": "100",
                            "root_block_device.0.volume_id": "vol-0fb09e90c04205175",
                            "root_block_device.0.volume_size": "8",
                            "root_block_device.0.volume_type": "gp2",
                            "security_groups.#": "0",
                            "source_dest_check": "true",
                            "subnet_id": "subnet-f9fd4b84",
                            "tags.%": "1",
                            "tags.Name": "app-hirak2",
                            "tenancy": "default",
                            "user_data": "05931bac8d326b2bd4c7dbdb6f23813a439fdce2",
                            "volume_tags.%": "0",
                            "vpc_security_group_ids.#": "1",
                            "vpc_security_group_ids.3753469006": "sg-a013c4cd"
                        },
                        "meta": {
                            "e2bfb730-ecaa-11e6-8f88-34363bc7c4c0": {
                                "create": 600000000000,
                                "delete": 600000000000,
                                "update": 600000000000
                            },
                            "schema_version": "1"
                        },
                        "tainted": false
                    },
                    "deposed": [],
                    "provider": "provider.aws"
                },
                "aws_route_table_association.a": {
                    "type": "aws_route_table_association",
                    "depends_on": [
                        "aws_subnet.app-hirak"
                    ],
                    "primary": {
                        "id": "rtbassoc-320e7058",
                        "attributes": {
                            "id": "rtbassoc-320e7058",
                            "route_table_id": "rtb-3db9e356",
                            "subnet_id": "subnet-f9fd4b84"
                        },
                        "meta": {},
                        "tainted": false
                    },
                    "deposed": [],
                    "provider": "provider.aws"
                },
                "aws_security_group.app-hirak": {
                    "type": "aws_security_group",
                    "depends_on": [],
                    "primary": {
                        "id": "sg-a013c4cd",
                        "attributes": {
                            "description": "Managed by Terraform",
                            "egress.#": "1",
                            "egress.482069346.cidr_blocks.#": "1",
                            "egress.482069346.cidr_blocks.0": "0.0.0.0/0",
                            "egress.482069346.description": "",
                            "egress.482069346.from_port": "0",
                            "egress.482069346.ipv6_cidr_blocks.#": "0",
                            "egress.482069346.prefix_list_ids.#": "0",
                            "egress.482069346.protocol": "-1",
                            "egress.482069346.security_groups.#": "0",
                            "egress.482069346.self": "false",
                            "egress.482069346.to_port": "0",
                            "id": "sg-a013c4cd",
                            "ingress.#": "0",
                            "name": "app-hirak",
                            "owner_id": "135928476890",
                            "revoke_rules_on_delete": "false",
                            "tags.%": "1",
                            "tags.Name": "app-hirak",
                            "vpc_id": "vpc-7bc67510"
                        },
                        "meta": {
                            "schema_version": "1"
                        },
                        "tainted": false
                    },
                    "deposed": [],
                    "provider": "provider.aws"
                },
                "aws_security_group_rule.rule": {
                    "type": "aws_security_group_rule",
                    "depends_on": [
                        "aws_security_group.app-hirak"
                    ],
                    "primary": {
                        "id": "sgrule-130947688",
                        "attributes": {
                            "cidr_blocks.#": "1",
                            "cidr_blocks.0": "0.0.0.0/0",
                            "from_port": "80",
                            "id": "sgrule-130947688",
                            "protocol": "tcp",
                            "security_group_id": "sg-a013c4cd",
                            "self": "false",
                            "to_port": "80",
                            "type": "ingress"
                        },
                        "meta": {
                            "schema_version": "2"
                        },
                        "tainted": false
                    },
                    "deposed": [],
                    "provider": "provider.aws"
                },
                "aws_subnet.app-hirak": {
                    "type": "aws_subnet",
                    "depends_on": [],
                    "primary": {
                        "id": "subnet-f9fd4b84",
                        "attributes": {
                            "assign_ipv6_address_on_creation": "false",
                            "availability_zone": "eu-central-1b",
                            "cidr_block": "10.99.0.0/24",
                            "id": "subnet-f9fd4b84",
                            "map_public_ip_on_launch": "true",
                            "tags.%": "1",
                            "tags.Name": "app-hirak",
                            "vpc_id": "vpc-7bc67510"
                        },
                        "meta": {
                            "schema_version": "1"
                        },
                        "tainted": false
                    },
                    "deposed": [],
                    "provider": "provider.aws"
                }
            },
            "depends_on": []
        },
        {
            "path": [
                "root",
                "db-tier"
            ],
            "outputs": {
                "app_id": {
                    "sensitive": false,
                    "type": "list",
                    "value": [
                        "i-084421c23d265b2e8"
                    ]
                },
                "db_private_ip": {
                    "sensitive": false,
                    "type": "string",
                    "value": "10.99.1.105"
                },
                "sec_id": {
                    "sensitive": false,
                    "type": "string",
                    "value": "sg-1c13c471"
                },
                "sub_id": {
                    "sensitive": false,
                    "type": "string",
                    "value": "subnet-c34a34a8"
                },
                "subnet_cidr_block": {
                    "sensitive": false,
                    "type": "string",
                    "value": "10.99.1.0/24"
                }
            },
            "resources": {
                "aws_instance.app": {
                    "type": "aws_instance",
                    "depends_on": [
                        "aws_security_group.app-hirak",
                        "aws_subnet.app-hirak"
                    ],
                    "primary": {
                        "id": "i-084421c23d265b2e8",
                        "attributes": {
                            "ami": "ami-93cda9fc",
                            "associate_public_ip_address": "false",
                            "availability_zone": "eu-central-1a",
                            "disable_api_termination": "false",
                            "ebs_block_device.#": "0",
                            "ebs_optimized": "false",
                            "ephemeral_block_device.#": "0",
                            "iam_instance_profile": "",
                            "id": "i-084421c23d265b2e8",
                            "instance_state": "running",
                            "instance_type": "t2.micro",
                            "ipv6_addresses.#": "0",
                            "key_name": "",
                            "monitoring": "false",
                            "network_interface.#": "0",
                            "network_interface_id": "eni-b4ff22e0",
                            "placement_group": "",
                            "primary_network_interface_id": "eni-b4ff22e0",
                            "private_dns": "ip-10-99-1-105.eu-central-1.compute.internal",
                            "private_ip": "10.99.1.105",
                            "public_dns": "",
                            "public_ip": "",
                            "root_block_device.#": "1",
                            "root_block_device.0.delete_on_termination": "true",
                            "root_block_device.0.iops": "100",
                            "root_block_device.0.volume_id": "vol-08c2cca07ce1c68d1",
                            "root_block_device.0.volume_size": "8",
                            "root_block_device.0.volume_type": "gp2",
                            "security_groups.#": "0",
                            "source_dest_check": "true",
                            "subnet_id": "subnet-c34a34a8",
                            "tags.%": "1",
                            "tags.Name": "db-hirak1",
                            "tenancy": "default",
                            "user_data": "da39a3ee5e6b4b0d3255bfef95601890afd80709",
                            "volume_tags.%": "0",
                            "vpc_security_group_ids.#": "1",
                            "vpc_security_group_ids.1567906185": "sg-1c13c471"
                        },
                        "meta": {
                            "e2bfb730-ecaa-11e6-8f88-34363bc7c4c0": {
                                "create": 600000000000,
                                "delete": 600000000000,
                                "update": 600000000000
                            },
                            "schema_version": "1"
                        },
                        "tainted": false
                    },
                    "deposed": [],
                    "provider": "provider.aws"
                },
                "aws_route_table_association.a": {
                    "type": "aws_route_table_association",
                    "depends_on": [
                        "aws_subnet.app-hirak"
                    ],
                    "primary": {
                        "id": "rtbassoc-420f7128",
                        "attributes": {
                            "id": "rtbassoc-420f7128",
                            "route_table_id": "rtb-f8b9e393",
                            "subnet_id": "subnet-c34a34a8"
                        },
                        "meta": {},
                        "tainted": false
                    },
                    "deposed": [],
                    "provider": "provider.aws"
                },
                "aws_security_group.app-hirak": {
                    "type": "aws_security_group",
                    "depends_on": [],
                    "primary": {
                        "id": "sg-1c13c471",
                        "attributes": {
                            "description": "Managed by Terraform",
                            "egress.#": "1",
                            "egress.482069346.cidr_blocks.#": "1",
                            "egress.482069346.cidr_blocks.0": "0.0.0.0/0",
                            "egress.482069346.description": "",
                            "egress.482069346.from_port": "0",
                            "egress.482069346.ipv6_cidr_blocks.#": "0",
                            "egress.482069346.prefix_list_ids.#": "0",
                            "egress.482069346.protocol": "-1",
                            "egress.482069346.security_groups.#": "0",
                            "egress.482069346.self": "false",
                            "egress.482069346.to_port": "0",
                            "id": "sg-1c13c471",
                            "ingress.#": "0",
                            "name": "db-hirak",
                            "owner_id": "135928476890",
                            "revoke_rules_on_delete": "false",
                            "tags.%": "1",
                            "tags.Name": "db-hirak",
                            "vpc_id": "vpc-7bc67510"
                        },
                        "meta": {
                            "schema_version": "1"
                        },
                        "tainted": false
                    },
                    "deposed": [],
                    "provider": "provider.aws"
                },
                "aws_security_group_rule.rule": {
                    "type": "aws_security_group_rule",
                    "depends_on": [
                        "aws_security_group.app-hirak"
                    ],
                    "primary": {
                        "id": "sgrule-2024483459",
                        "attributes": {
                            "cidr_blocks.#": "1",
                            "cidr_blocks.0": "10.99.0.0/24",
                            "from_port": "27017",
                            "id": "sgrule-2024483459",
                            "protocol": "tcp",
                            "security_group_id": "sg-1c13c471",
                            "self": "false",
                            "to_port": "27017",
                            "type": "ingress"
                        },
                        "meta": {
                            "schema_version": "2"
                        },
                        "tainted": false
                    },
                    "deposed": [],
                    "provider": "provider.aws"
                },
                "aws_subnet.app-hirak": {
                    "type": "aws_subnet",
                    "depends_on": [],
                    "primary": {
                        "id": "subnet-c34a34a8",
                        "attributes": {
                            "assign_ipv6_address_on_creation": "false",
                            "availability_zone": "eu-central-1a",
                            "cidr_block": "10.99.1.0/24",
                            "id": "subnet-c34a34a8",
                            "map_public_ip_on_launch": "false",
                            "tags.%": "1",
                            "tags.Name": "db-hirak",
                            "vpc_id": "vpc-7bc67510"
                        },
                        "meta": {
                            "schema_version": "1"
                        },
                        "tainted": false
                    },
                    "deposed": [],
                    "provider": "provider.aws"
                }
            },
            "depends_on": []
        }
    ]
}
