{
    "version": 3,
    "terraform_version": "0.11.3",
    "serial": 44,
    "lineage": "145d6ecd-9381-4c54-8fae-186c11582e8b",
    "modules": [
        {
            "path": [
                "root"
            ],
            "outputs": {},
            "resources": {
                "aws_internet_gateway.igw": {
                    "type": "aws_internet_gateway",
                    "depends_on": [
                        "aws_vpc.hirak-vpc"
                    ],
                    "primary": {
                        "id": "igw-43a1382b",
                        "attributes": {
                            "id": "igw-43a1382b",
                            "tags.%": "1",
                            "tags.Name": "hirak-ig",
                            "vpc_id": "vpc-c99033a2"
                        },
                        "meta": {},
                        "tainted": false
                    },
                    "deposed": [],
                    "provider": "provider.aws"
                },
                "aws_route_table.public-hirak": {
                    "type": "aws_route_table",
                    "depends_on": [
                        "aws_internet_gateway.igw",
                        "aws_vpc.hirak-vpc"
                    ],
                    "primary": {
                        "id": "rtb-c6bef6ad",
                        "attributes": {
                            "id": "rtb-c6bef6ad",
                            "propagating_vgws.#": "0",
                            "route.#": "1",
                            "route.86476802.cidr_block": "0.0.0.0/0",
                            "route.86476802.egress_only_gateway_id": "",
                            "route.86476802.gateway_id": "igw-43a1382b",
                            "route.86476802.instance_id": "",
                            "route.86476802.ipv6_cidr_block": "",
                            "route.86476802.nat_gateway_id": "",
                            "route.86476802.network_interface_id": "",
                            "route.86476802.vpc_peering_connection_id": "",
                            "tags.%": "1",
                            "tags.Name": "hirak-rt",
                            "vpc_id": "vpc-c99033a2"
                        },
                        "meta": {},
                        "tainted": false
                    },
                    "deposed": [],
                    "provider": "provider.aws"
                },
                "aws_vpc.hirak-vpc": {
                    "type": "aws_vpc",
                    "depends_on": [],
                    "primary": {
                        "id": "vpc-c99033a2",
                        "attributes": {
                            "assign_generated_ipv6_cidr_block": "false",
                            "cidr_block": "10.99.0.0/16",
                            "default_network_acl_id": "acl-ce2154a5",
                            "default_route_table_id": "rtb-33bef658",
                            "default_security_group_id": "sg-aded01c0",
                            "dhcp_options_id": "dopt-763e381f",
                            "enable_dns_hostnames": "true",
                            "enable_dns_support": "true",
                            "id": "vpc-c99033a2",
                            "instance_tenancy": "default",
                            "main_route_table_id": "rtb-33bef658",
                            "tags.%": "1",
                            "tags.Name": "hirak-vpc"
                        },
                        "meta": {
                            "schema_version": "1"
                        },
                        "tainted": false
                    },
                    "deposed": [],
                    "provider": "provider.aws"
                },
                "data.template_file.app_init": {
                    "type": "template_file",
                    "depends_on": [
                        "module.db-tier"
                    ],
                    "primary": {
                        "id": "ede49e188c9256c9329badcf31e84b0f5fb73c3fda7430a2405c338143d8b8a8",
                        "attributes": {
                            "id": "ede49e188c9256c9329badcf31e84b0f5fb73c3fda7430a2405c338143d8b8a8",
                            "rendered": "#!/bin/bash\ncd /home/ubuntu/app\nexport DB_HOST=mongodb://10.99.1.7:27017\nnode app.js",
                            "template": "#!/bin/bash\ncd /home/ubuntu/app\nexport DB_HOST=mongodb://${priv}:27017\nnode app.js",
                            "vars.%": "1",
                            "vars.priv": "10.99.1.7"
                        },
                        "meta": {},
                        "tainted": false
                    },
                    "deposed": [],
                    "provider": "provider.template"
                }
            },
            "depends_on": []
        },
        {
            "path": [
                "root",
                "app-tier"
            ],
            "outputs": {
                "db_private_ip": {
                    "sensitive": false,
                    "type": "string",
                    "value": "10.99.0.4"
                },
                "subnet_cidr_block": {
                    "sensitive": false,
                    "type": "string",
                    "value": "10.99.0.0/24"
                }
            },
            "resources": {
                "aws_instance.app": {
                    "type": "aws_instance",
                    "depends_on": [
                        "aws_security_group.app-hirak",
                        "aws_subnet.app-hirak"
                    ],
                    "primary": {
                        "id": "i-071657a640235be65",
                        "attributes": {
                            "ami": "ami-c4c3a7ab",
                            "associate_public_ip_address": "true",
                            "availability_zone": "eu-central-1a",
                            "disable_api_termination": "false",
                            "ebs_block_device.#": "0",
                            "ebs_optimized": "false",
                            "ephemeral_block_device.#": "0",
                            "iam_instance_profile": "",
                            "id": "i-071657a640235be65",
                            "instance_state": "running",
                            "instance_type": "t2.micro",
                            "ipv6_addresses.#": "0",
                            "key_name": "",
                            "monitoring": "false",
                            "network_interface.#": "0",
                            "network_interface_id": "eni-49816e1d",
                            "placement_group": "",
                            "primary_network_interface_id": "eni-49816e1d",
                            "private_dns": "ip-10-99-0-4.eu-central-1.compute.internal",
                            "private_ip": "10.99.0.4",
                            "public_dns": "ec2-18-196-182-252.eu-central-1.compute.amazonaws.com",
                            "public_ip": "18.196.182.252",
                            "root_block_device.#": "1",
                            "root_block_device.0.delete_on_termination": "true",
                            "root_block_device.0.iops": "100",
                            "root_block_device.0.volume_id": "vol-01c3cec896d4a687f",
                            "root_block_device.0.volume_size": "8",
                            "root_block_device.0.volume_type": "gp2",
                            "security_groups.#": "0",
                            "source_dest_check": "true",
                            "subnet_id": "subnet-ca3e4ba1",
                            "tags.%": "1",
                            "tags.Name": "app-hirak",
                            "tenancy": "default",
                            "user_data": "6e456b0539956621ea0f918ae422bd12a8b4ab3f",
                            "volume_tags.%": "0",
                            "vpc_security_group_ids.#": "1",
                            "vpc_security_group_ids.4244549405": "sg-8fee02e2"
                        },
                        "meta": {
                            "e2bfb730-ecaa-11e6-8f88-34363bc7c4c0": {
                                "create": 600000000000,
                                "delete": 600000000000,
                                "update": 600000000000
                            },
                            "schema_version": "1"
                        },
                        "tainted": false
                    },
                    "deposed": [],
                    "provider": "provider.aws"
                },
                "aws_route_table_association.a": {
                    "type": "aws_route_table_association",
                    "depends_on": [
                        "aws_subnet.app-hirak"
                    ],
                    "primary": {
                        "id": "rtbassoc-4dd9be27",
                        "attributes": {
                            "id": "rtbassoc-4dd9be27",
                            "route_table_id": "rtb-c6bef6ad",
                            "subnet_id": "subnet-ca3e4ba1"
                        },
                        "meta": {},
                        "tainted": false
                    },
                    "deposed": [],
                    "provider": "provider.aws"
                },
                "aws_security_group.app-hirak": {
                    "type": "aws_security_group",
                    "depends_on": [],
                    "primary": {
                        "id": "sg-8fee02e2",
                        "attributes": {
                            "description": "Managed by Terraform",
                            "egress.#": "1",
                            "egress.482069346.cidr_blocks.#": "1",
                            "egress.482069346.cidr_blocks.0": "0.0.0.0/0",
                            "egress.482069346.description": "",
                            "egress.482069346.from_port": "0",
                            "egress.482069346.ipv6_cidr_blocks.#": "0",
                            "egress.482069346.prefix_list_ids.#": "0",
                            "egress.482069346.protocol": "-1",
                            "egress.482069346.security_groups.#": "0",
                            "egress.482069346.self": "false",
                            "egress.482069346.to_port": "0",
                            "id": "sg-8fee02e2",
                            "ingress.#": "0",
                            "name": "app-hirak",
                            "owner_id": "135928476890",
                            "revoke_rules_on_delete": "false",
                            "tags.%": "1",
                            "tags.Name": "app-hirak",
                            "vpc_id": "vpc-c99033a2"
                        },
                        "meta": {
                            "schema_version": "1"
                        },
                        "tainted": false
                    },
                    "deposed": [],
                    "provider": "provider.aws"
                },
                "aws_security_group_rule.rule": {
                    "type": "aws_security_group_rule",
                    "depends_on": [
                        "aws_security_group.app-hirak"
                    ],
                    "primary": {
                        "id": "sgrule-3887813635",
                        "attributes": {
                            "cidr_blocks.#": "1",
                            "cidr_blocks.0": "0.0.0.0/0",
                            "from_port": "80",
                            "id": "sgrule-3887813635",
                            "protocol": "tcp",
                            "security_group_id": "sg-8fee02e2",
                            "self": "false",
                            "to_port": "80",
                            "type": "ingress"
                        },
                        "meta": {
                            "schema_version": "2"
                        },
                        "tainted": false
                    },
                    "deposed": [],
                    "provider": "provider.aws"
                },
                "aws_subnet.app-hirak": {
                    "type": "aws_subnet",
                    "depends_on": [],
                    "primary": {
                        "id": "subnet-ca3e4ba1",
                        "attributes": {
                            "assign_ipv6_address_on_creation": "false",
                            "availability_zone": "eu-central-1a",
                            "cidr_block": "10.99.0.0/24",
                            "id": "subnet-ca3e4ba1",
                            "map_public_ip_on_launch": "true",
                            "tags.%": "1",
                            "tags.Name": "app-hirak",
                            "vpc_id": "vpc-c99033a2"
                        },
                        "meta": {
                            "schema_version": "1"
                        },
                        "tainted": false
                    },
                    "deposed": [],
                    "provider": "provider.aws"
                }
            },
            "depends_on": []
        },
        {
            "path": [
                "root",
                "db-tier"
            ],
            "outputs": {
                "db_private_ip": {
                    "sensitive": false,
                    "type": "string",
                    "value": "10.99.1.7"
                },
                "subnet_cidr_block": {
                    "sensitive": false,
                    "type": "string",
                    "value": "10.99.1.0/24"
                }
            },
            "resources": {
                "aws_instance.app": {
                    "type": "aws_instance",
                    "depends_on": [
                        "aws_security_group.app-hirak",
                        "aws_subnet.app-hirak"
                    ],
                    "primary": {
                        "id": "i-0f4ae65efe4361183",
                        "attributes": {
                            "ami": "ami-93cda9fc",
                            "associate_public_ip_address": "false",
                            "availability_zone": "eu-central-1b",
                            "disable_api_termination": "false",
                            "ebs_block_device.#": "0",
                            "ebs_optimized": "false",
                            "ephemeral_block_device.#": "0",
                            "iam_instance_profile": "",
                            "id": "i-0f4ae65efe4361183",
                            "instance_state": "running",
                            "instance_type": "t2.micro",
                            "ipv6_addresses.#": "0",
                            "key_name": "",
                            "monitoring": "false",
                            "network_interface.#": "0",
                            "network_interface_id": "eni-b2a99b99",
                            "placement_group": "",
                            "primary_network_interface_id": "eni-b2a99b99",
                            "private_dns": "ip-10-99-1-7.eu-central-1.compute.internal",
                            "private_ip": "10.99.1.7",
                            "public_dns": "",
                            "public_ip": "",
                            "root_block_device.#": "1",
                            "root_block_device.0.delete_on_termination": "true",
                            "root_block_device.0.iops": "100",
                            "root_block_device.0.volume_id": "vol-0d4f2df8d428503e5",
                            "root_block_device.0.volume_size": "8",
                            "root_block_device.0.volume_type": "gp2",
                            "security_groups.#": "0",
                            "source_dest_check": "true",
                            "subnet_id": "subnet-1015b76d",
                            "tags.%": "1",
                            "tags.Name": "db-hirak",
                            "tenancy": "default",
                            "user_data": "da39a3ee5e6b4b0d3255bfef95601890afd80709",
                            "volume_tags.%": "0",
                            "vpc_security_group_ids.#": "1",
                            "vpc_security_group_ids.3809823732": "sg-a9ed01c4"
                        },
                        "meta": {
                            "e2bfb730-ecaa-11e6-8f88-34363bc7c4c0": {
                                "create": 600000000000,
                                "delete": 600000000000,
                                "update": 600000000000
                            },
                            "schema_version": "1"
                        },
                        "tainted": false
                    },
                    "deposed": [],
                    "provider": "provider.aws"
                },
                "aws_route_table_association.a": {
                    "type": "aws_route_table_association",
                    "depends_on": [
                        "aws_subnet.app-hirak"
                    ],
                    "primary": {
                        "id": "rtbassoc-4ad8bf20",
                        "attributes": {
                            "id": "rtbassoc-4ad8bf20",
                            "route_table_id": "rtb-33bef658",
                            "subnet_id": "subnet-1015b76d"
                        },
                        "meta": {},
                        "tainted": false
                    },
                    "deposed": [],
                    "provider": "provider.aws"
                },
                "aws_security_group.app-hirak": {
                    "type": "aws_security_group",
                    "depends_on": [],
                    "primary": {
                        "id": "sg-a9ed01c4",
                        "attributes": {
                            "description": "Managed by Terraform",
                            "egress.#": "1",
                            "egress.482069346.cidr_blocks.#": "1",
                            "egress.482069346.cidr_blocks.0": "0.0.0.0/0",
                            "egress.482069346.description": "",
                            "egress.482069346.from_port": "0",
                            "egress.482069346.ipv6_cidr_blocks.#": "0",
                            "egress.482069346.prefix_list_ids.#": "0",
                            "egress.482069346.protocol": "-1",
                            "egress.482069346.security_groups.#": "0",
                            "egress.482069346.self": "false",
                            "egress.482069346.to_port": "0",
                            "id": "sg-a9ed01c4",
                            "ingress.#": "0",
                            "name": "db-hirak",
                            "owner_id": "135928476890",
                            "revoke_rules_on_delete": "false",
                            "tags.%": "1",
                            "tags.Name": "db-hirak",
                            "vpc_id": "vpc-c99033a2"
                        },
                        "meta": {
                            "schema_version": "1"
                        },
                        "tainted": false
                    },
                    "deposed": [],
                    "provider": "provider.aws"
                },
                "aws_security_group_rule.rule": {
                    "type": "aws_security_group_rule",
                    "depends_on": [
                        "aws_security_group.app-hirak"
                    ],
                    "primary": {
                        "id": "sgrule-1679350865",
                        "attributes": {
                            "cidr_blocks.#": "1",
                            "cidr_blocks.0": "10.99.0.0/24",
                            "from_port": "27017",
                            "id": "sgrule-1679350865",
                            "protocol": "tcp",
                            "security_group_id": "sg-a9ed01c4",
                            "self": "false",
                            "to_port": "27017",
                            "type": "ingress"
                        },
                        "meta": {
                            "schema_version": "2"
                        },
                        "tainted": false
                    },
                    "deposed": [],
                    "provider": "provider.aws"
                },
                "aws_subnet.app-hirak": {
                    "type": "aws_subnet",
                    "depends_on": [],
                    "primary": {
                        "id": "subnet-1015b76d",
                        "attributes": {
                            "assign_ipv6_address_on_creation": "false",
                            "availability_zone": "eu-central-1b",
                            "cidr_block": "10.99.1.0/24",
                            "id": "subnet-1015b76d",
                            "map_public_ip_on_launch": "false",
                            "tags.%": "1",
                            "tags.Name": "db-hirak",
                            "vpc_id": "vpc-c99033a2"
                        },
                        "meta": {
                            "schema_version": "1"
                        },
                        "tainted": false
                    },
                    "deposed": [],
                    "provider": "provider.aws"
                }
            },
            "depends_on": []
        }
    ]
}
